# This file is automatically @generated by Cargo.
# It is not intended for manual editing.
version = 4

[[package]]
name = "atom-rt"
version = "0.1.0"

[[package]]
name = "daemon"
version = "0.1.0"
dependencies = [
 "atom-rt",
]

[[package]]
name = "fieldmon"
version = "0.1.0"
dependencies = [
 "atom-rt",
]

[[package]]
name = "hello"
version = "0.1.0"
dependencies = [
 "atom-rt",
]

[[package]]
name = "shell"
version = "0.1.0"
dependencies = [
 "atom-rt",
]
